<?xml version="1.0" encoding="utf-8"?>
<Project ToolsVersion="4.0" xmlns="http://schemas.microsoft.com/developer/msbuild/2003">
  <ItemGroup>
    <Filter Include="源文件">
      <UniqueIdentifier>{4FC737F1-C7A5-4376-A066-2A32D752A2FF}</UniqueIdentifier>
      <Extensions>cpp;c;cc;cxx;c++;cppm;ixx;def;odl;idl;hpj;bat;asm;asmx</Extensions>
    </Filter>
    <Filter Include="头文件">
      <UniqueIdentifier>{93995380-89BD-4b04-88EB-625FBE52EBFB}</UniqueIdentifier>
      <Extensions>h;hh;hpp;hxx;h++;hm;inl;inc;ipp;xsd</Extensions>
    </Filter>
    <Filter Include="源文件\资源文件">
      <UniqueIdentifier>{67DA6AB6-F800-4c08-8B7A-83BB121AAD01}</UniqueIdentifier>
      <Extensions>rc;ico;cur;bmp;dlg;rc2;rct;bin;rgs;gif;jpg;jpeg;jpe;resx;tiff;tif;png;wav;mfcribbon-ms</Extensions>
    </Filter>
  </ItemGroup>
  <ItemGroup>
    <ClCompile Include="01 C++Print HelloWorld.cpp">
      <Filter>源文件</Filter>
    </ClCompile>
    <ClCompile Include="02 注释.cpp">
      <Filter>源文件</Filter>
    </ClCompile>
    <ClCompile Include="03 变量.cpp">
      <Filter>源文件</Filter>
    </ClCompile>
    <ClCompile Include="04 常量.cpp">
      <Filter>源文件</Filter>
    </ClCompile>
    <ClCompile Include="08 数据类型.cpp">
      <Filter>源文件</Filter>
    </ClCompile>
    <ClCompile Include="09 数据类型 sizeof关键字.cpp">
      <Filter>源文件</Filter>
    </ClCompile>
    <ClCompile Include="10 数据类型 实型.cpp">
      <Filter>源文件</Filter>
    </ClCompile>
    <ClCompile Include="12 转义字符.cpp">
      <Filter>源文件</Filter>
    </ClCompile>
    <ClCompile Include="13 字符串型.cpp">
      <Filter>源文件</Filter>
    </ClCompile>
    <ClCompile Include="11 字符变量.cpp">
      <Filter>源文件</Filter>
    </ClCompile>
    <ClCompile Include="14 布尔类型.cpp">
      <Filter>源文件</Filter>
    </ClCompile>
    <ClCompile Include="15 数据输入.cpp">
      <Filter>源文件</Filter>
    </ClCompile>
    <ClCompile Include="16.算数运算符_加减乘除.cpp">
      <Filter>源文件</Filter>
    </ClCompile>
    <ClCompile Include="00.基础框架头文件.cpp">
      <Filter>源文件</Filter>
    </ClCompile>
    <ClCompile Include="17.算数运算符_取模运算.cpp">
      <Filter>源文件</Filter>
    </ClCompile>
    <ClCompile Include="18.算数运算符_前置递增后置递增.cpp">
      <Filter>源文件</Filter>
    </ClCompile>
    <ClCompile Include="19.算数运算符_赋值运算符.cpp">
      <Filter>源文件</Filter>
    </ClCompile>
    <ClCompile Include="20.算数运算符_比较运算符.cpp">
      <Filter>源文件</Filter>
    </ClCompile>
    <ClCompile Include="21.算数运算符_逻辑运算符.cpp">
      <Filter>源文件</Filter>
    </ClCompile>
    <ClCompile Include="22.程序流程结构_选择结构.cpp">
      <Filter>源文件</Filter>
    </ClCompile>
    <ClCompile Include="28.程序流程结构_选择结构_三只小猪称体重.cpp">
      <Filter>源文件</Filter>
    </ClCompile>
    <ClCompile Include="29.程序流程结构_选择结构_三目运算符.cpp">
      <Filter>源文件</Filter>
    </ClCompile>
    <ClCompile Include="30.程序结构流程_选择结构_Switch语句.cpp">
      <Filter>源文件</Filter>
    </ClCompile>
    <ClCompile Include="31.程序结构流程_循环结构_while语句.cpp">
      <Filter>源文件</Filter>
    </ClCompile>
    <ClCompile Include="32.程序结构流程_循环结构_猜数字.cpp">
      <Filter>源文件</Filter>
    </ClCompile>
    <ClCompile Include="34.程序结构流程_循环结构_水仙花数.cpp">
      <Filter>源文件</Filter>
    </ClCompile>
    <ClCompile Include="33.程序结构流程_循环结构_dowhile.cpp">
      <Filter>源文件</Filter>
    </ClCompile>
    <ClCompile Include="35.程序结构流程_循环结构_for.cpp">
      <Filter>源文件</Filter>
    </ClCompile>
    <ClCompile Include="36.程序结构流程_循环结构_for数七.cpp">
      <Filter>源文件</Filter>
    </ClCompile>
    <ClCompile Include="37.程序结构流程_循环结构_输出星星矩阵.cpp">
      <Filter>源文件</Filter>
    </ClCompile>
    <ClCompile Include="38.程序结构流程_循环结构_输出乘法口诀表.cpp">
      <Filter>源文件</Filter>
    </ClCompile>
    <ClCompile Include="39.程序结构流程_跳转语句_break.cpp">
      <Filter>源文件</Filter>
    </ClCompile>
    <ClCompile Include="40.程序结构流程_跳转语句_continue.cpp">
      <Filter>源文件</Filter>
    </ClCompile>
    <ClCompile Include="41.程序结构流程_跳转语句_goto.cpp">
      <Filter>源文件</Filter>
    </ClCompile>
    <ClCompile Include="42.数组_一维数组.cpp">
      <Filter>源文件</Filter>
    </ClCompile>
    <ClCompile Include="43.数组_一维数组_五只小猪称体重.cpp">
      <Filter>源文件</Filter>
    </ClCompile>
    <ClCompile Include="44.数组_一维数组_元素倒置.cpp">
      <Filter>源文件</Filter>
    </ClCompile>
    <ClCompile Include="45.数组_一维数组_冒泡排序.cpp">
      <Filter>源文件</Filter>
    </ClCompile>
    <ClCompile Include="46.数组_二维数组_定义.cpp">
      <Filter>源文件</Filter>
    </ClCompile>
    <ClCompile Include="47.数组_二维数组_案例.cpp">
      <Filter>源文件</Filter>
    </ClCompile>
    <ClCompile Include="50.函数_函数的定义.cpp">
      <Filter>源文件</Filter>
    </ClCompile>
    <ClCompile Include="51.函数_值传递.cpp">
      <Filter>源文件</Filter>
    </ClCompile>
    <ClCompile Include="52.函数_常见函数类型.cpp">
      <Filter>源文件</Filter>
    </ClCompile>
    <ClCompile Include="54.函数_函数的声明.cpp">
      <Filter>源文件</Filter>
    </ClCompile>
    <ClCompile Include="55.函数_函数的分文件编写.cpp">
      <Filter>源文件</Filter>
    </ClCompile>
    <ClCompile Include="56.指针_指针的定义和使用.cpp">
      <Filter>源文件</Filter>
    </ClCompile>
    <ClCompile Include="swap.cpp">
      <Filter>源文件\资源文件</Filter>
    </ClCompile>
    <ClCompile Include="58.指针_空指针和野指针.cpp">
      <Filter>源文件</Filter>
    </ClCompile>
    <ClCompile Include="60.指针_const修饰指针.cpp">
      <Filter>源文件</Filter>
    </ClCompile>
    <ClCompile Include="61.用指针获取数组值.cpp">
      <Filter>源文件</Filter>
    </ClCompile>
    <ClCompile Include="62.指针与函数.cpp">
      <Filter>源文件</Filter>
    </ClCompile>
    <ClCompile Include="63.函数数组和指针.cpp">
      <Filter>源文件</Filter>
    </ClCompile>
    <ClCompile Include="len.cpp">
      <Filter>源文件\资源文件</Filter>
    </ClCompile>
    <ClCompile Include="64.结构体定义和使用.cpp">
      <Filter>源文件</Filter>
    </ClCompile>
    <ClCompile Include="65.结构体数组.cpp">
      <Filter>源文件</Filter>
    </ClCompile>
    <ClCompile Include="66.结构体指针.cpp">
      <Filter>源文件</Filter>
    </ClCompile>
    <ClCompile Include="67.结构体嵌套结构体.cpp">
      <Filter>源文件</Filter>
    </ClCompile>
    <ClCompile Include="68.结构体做函数参数.cpp">
      <Filter>源文件</Filter>
    </ClCompile>
    <ClCompile Include="69.const结构体.cpp">
      <Filter>源文件</Filter>
    </ClCompile>
    <ClCompile Include="70.结构体案例1老师带学生.cpp">
      <Filter>源文件</Filter>
    </ClCompile>
    <ClCompile Include="71.结构体案例2英雄排序.cpp">
      <Filter>源文件</Filter>
    </ClCompile>
    <ClCompile Include="85.内存模型-全局区.cpp">
      <Filter>源文件</Filter>
    </ClCompile>
    <ClCompile Include="88.new操作符.cpp">
      <Filter>源文件</Filter>
    </ClCompile>
    <ClCompile Include="89.别名.cpp">
      <Filter>源文件</Filter>
    </ClCompile>
  </ItemGroup>
  <ItemGroup>
    <ClInclude Include="swap.h">
      <Filter>头文件</Filter>
    </ClInclude>
    <ClInclude Include="len.h">
      <Filter>头文件</Filter>
    </ClInclude>
  </ItemGroup>
</Project>